<?xml version="1.0" encoding="utf-8"?>
<Project ToolsVersion="4.0" xmlns="http://schemas.microsoft.com/developer/msbuild/2003">
  <ItemGroup>
    <Filter Include="Archivos de código fuente">
      <UniqueIdentifier>{4FC737F1-C7A5-4376-A066-2A32D752A2FF}</UniqueIdentifier>
      <Extensions>cpp;c;cc;cxx;def;odl;idl;hpj;bat;asm;asmx</Extensions>
    </Filter>
    <Filter Include="Archivos de encabezado">
      <UniqueIdentifier>{93995380-89BD-4b04-88EB-625FBE52EBFB}</UniqueIdentifier>
      <Extensions>h;hh;hpp;hxx;hm;inl;inc;xsd</Extensions>
    </Filter>
    <Filter Include="Archivos de recursos">
      <UniqueIdentifier>{67DA6AB6-F800-4c08-8B7A-83BB121AAD01}</UniqueIdentifier>
      <Extensions>rc;ico;cur;bmp;dlg;rc2;rct;bin;rgs;gif;jpg;jpeg;jpe;resx;tiff;tif;png;wav;mfcribbon-ms</Extensions>
    </Filter>
  </ItemGroup>
  <ItemGroup>
    <Text Include="ReadMe.txt" />
    <Text Include="ROS_MASTER_HOST.txt" />
  </ItemGroup>
  <ItemGroup>
    <ClInclude Include="stdafx.h">
      <Filter>Archivos de encabezado</Filter>
    </ClInclude>
    <ClInclude Include="targetver.h">
      <Filter>Archivos de encabezado</Filter>
    </ClInclude>
    <ClInclude Include="..\ros_lib\ros.h">
      <Filter>Archivos de encabezado</Filter>
    </ClInclude>
    <ClInclude Include="..\ros_lib\WindowsSocket.h">
      <Filter>Archivos de encabezado</Filter>
    </ClInclude>
    <ClInclude Include="BodyRGBViewer.h">
      <Filter>Archivos de encabezado</Filter>
    </ClInclude>
    <ClInclude Include="Kinect2Utils.h">
      <Filter>Archivos de encabezado</Filter>
    </ClInclude>
    <ClInclude Include="resource.h">
      <Filter>Archivos de encabezado</Filter>
    </ClInclude>
    <ClInclude Include="Skeleton.h">
      <Filter>Archivos de encabezado</Filter>
    </ClInclude>
    <ClInclude Include="Utils.h">
      <Filter>Archivos de encabezado</Filter>
    </ClInclude>
    <ClInclude Include="GestureRecognition.h">
      <Filter>Archivos de encabezado</Filter>
    </ClInclude>
    <ClInclude Include="SlidingMatrix.h">
      <Filter>Archivos de encabezado</Filter>
    </ClInclude>
    <ClInclude Include="K2PCL.h">
      <Filter>Archivos de encabezado</Filter>
    </ClInclude>
    <ClInclude Include="HR2ISceneViewer.h">
      <Filter>Archivos de encabezado</Filter>
    </ClInclude>
  </ItemGroup>
  <ItemGroup>
    <ClCompile Include="stdafx.cpp">
      <Filter>Archivos de código fuente</Filter>
    </ClCompile>
    <ClCompile Include="..\ros_lib\duration.cpp">
      <Filter>Archivos de código fuente</Filter>
    </ClCompile>
    <ClCompile Include="..\ros_lib\time.cpp">
      <Filter>Archivos de código fuente</Filter>
    </ClCompile>
    <ClCompile Include="..\ros_lib\WindowsSocket.cpp">
      <Filter>Archivos de código fuente</Filter>
    </ClCompile>
    <ClCompile Include="BodyRGBViewer.cpp">
      <Filter>Archivos de código fuente</Filter>
    </ClCompile>
    <ClCompile Include="Kinect2Utils.cpp">
      <Filter>Archivos de código fuente</Filter>
    </ClCompile>
    <ClCompile Include="ROS_TEST.cpp">
      <Filter>Archivos de código fuente</Filter>
    </ClCompile>
    <ClCompile Include="Skeleton.cpp">
      <Filter>Archivos de código fuente</Filter>
    </ClCompile>
    <ClCompile Include="Utils.cpp">
      <Filter>Archivos de código fuente</Filter>
    </ClCompile>
    <ClCompile Include="GestureRecognition.cpp">
      <Filter>Archivos de código fuente</Filter>
    </ClCompile>
    <ClCompile Include="SlidingMatrix.cpp">
      <Filter>Archivos de código fuente</Filter>
    </ClCompile>
    <ClCompile Include="GR_training.cpp">
      <Filter>Archivos de código fuente</Filter>
    </ClCompile>
    <ClCompile Include="K2PCL.cpp">
      <Filter>Archivos de código fuente</Filter>
    </ClCompile>
    <ClCompile Include="HR2ISceneViewer.cpp">
      <Filter>Archivos de código fuente</Filter>
    </ClCompile>
  </ItemGroup>
  <ItemGroup>
    <Image Include="app.ico">
      <Filter>Archivos de recursos</Filter>
    </Image>
  </ItemGroup>
  <ItemGroup>
    <ResourceCompile Include="Resource.rc">
      <Filter>Archivos de recursos</Filter>
    </ResourceCompile>
  </ItemGroup>
</Project>